
Microsoft Visual Studio Solution File, Format Version 12.00
# Visual Studio 15
VisualStudioVersion = 15.0.28307.106
MinimumVisualStudioVersion = 10.0.40219.1
Project("{FAE04EC0-301F-11D3-BF4B-00C04F79EFBC}") = "hasta1deneme", "WindowsFormsApp5\hasta1deneme.csproj", "{8DB291E3-819F-4F6B-8594-7C719787607F}"
EndProject
Global
	GlobalSection(SolutionConfigurationPlatforms) = preSolution
		Debug|Any CPU = Debug|Any CPU
		Release|Any CPU = Release|Any CPU
	EndGlobalSection
	GlobalSection(ProjectConfigurationPlatforms) = postSolution
		{8DB291E3-819F-4F6B-8594-7C719787607F}.Debug|Any CPU.ActiveCfg = Debug|Any CPU
		{8DB291E3-819F-4F6B-8594-7C719787607F}.Debug|Any CPU.Build.0 = Debug|Any CPU
		{8DB291E3-819F-4F6B-8594-7C719787607F}.Release|Any CPU.ActiveCfg = Release|Any CPU
		{8DB291E3-819F-4F6B-8594-7C719787607F}.Release|Any CPU.Build.0 = Release|Any CPU
	EndGlobalSection
	GlobalSection(SolutionProperties) = preSolution
		HideSolutionNode = FALSE
	EndGlobalSection
	GlobalSection(ExtensibilityGlobals) = postSolution
		SolutionGuid = {4400D721-EEA3-48E2-8C10-0EEA5C76C95C}
	EndGlobalSection
EndGlobal
